// !$*UTF8*$!
{
	archiveVersion = 1;
	classes = {
	};
	objectVersion = 46;
	objects = {

/* Begin PBXBuildFile section */
		ABA71C9B1C133A6A00C0DCDF /* Alert.swift in Sources */ = {isa = PBXBuildFile; fileRef = ABA71C9A1C133A6A00C0DCDF /* Alert.swift */; };
		ABA71CA01C133B2800C0DCDF /* Item.swift in Sources */ = {isa = PBXBuildFile; fileRef = ABA71C9F1C133B2800C0DCDF /* Item.swift */; };
		ABA71CA31C1367B000C0DCDF /* ItemService.swift in Sources */ = {isa = PBXBuildFile; fileRef = ABA71CA21C1367B000C0DCDF /* ItemService.swift */; };
		ABD3B35C1C1312EC007AB34A /* EditItemViewController.swift in Sources */ = {isa = PBXBuildFile; fileRef = ABD3B35B1C1312EC007AB34A /* EditItemViewController.swift */; };
		ABD3B35E1C132064007AB34A /* ListItemTableViewController.swift in Sources */ = {isa = PBXBuildFile; fileRef = ABD3B35D1C132064007AB34A /* ListItemTableViewController.swift */; };
		ABD7795D1C1302100004C30A /* AppDelegate.swift in Sources */ = {isa = PBXBuildFile; fileRef = ABD7795C1C1302100004C30A /* AppDelegate.swift */; };
		ABD779621C1302100004C30A /* Main.storyboard in Resources */ = {isa = PBXBuildFile; fileRef = ABD779601C1302100004C30A /* Main.storyboard */; };
		ABD779641C1302100004C30A /* Assets.xcassets in Resources */ = {isa = PBXBuildFile; fileRef = ABD779631C1302100004C30A /* Assets.xcassets */; };
		ABD779671C1302100004C30A /* LaunchScreen.storyboard in Resources */ = {isa = PBXBuildFile; fileRef = ABD779651C1302100004C30A /* LaunchScreen.storyboard */; };
		ABF2DF801C43647F00AB7D75 /* ajustes.png in Resources */ = {isa = PBXBuildFile; fileRef = ABF2DF7B1C43647F00AB7D75 /* ajustes.png */; };
		ABF2DF811C43647F00AB7D75 /* buscar.png in Resources */ = {isa = PBXBuildFile; fileRef = ABF2DF7C1C43647F00AB7D75 /* buscar.png */; };
		ABF2DF821C43647F00AB7D75 /* home.png in Resources */ = {isa = PBXBuildFile; fileRef = ABF2DF7D1C43647F00AB7D75 /* home.png */; };
		ABF2DF831C43647F00AB7D75 /* perfil.png in Resources */ = {isa = PBXBuildFile; fileRef = ABF2DF7E1C43647F00AB7D75 /* perfil.png */; };
		ABF2DF841C43647F00AB7D75 /* registrar.png in Resources */ = {isa = PBXBuildFile; fileRef = ABF2DF7F1C43647F00AB7D75 /* registrar.png */; };
/* End PBXBuildFile section */

/* Begin PBXFileReference section */
		ABA71C9A1C133A6A00C0DCDF /* Alert.swift */ = {isa = PBXFileReference; fileEncoding = 4; lastKnownFileType = sourcecode.swift; path = Alert.swift; sourceTree = "<group>"; };
		ABA71C9F1C133B2800C0DCDF /* Item.swift */ = {isa = PBXFileReference; fileEncoding = 4; lastKnownFileType = sourcecode.swift; path = Item.swift; sourceTree = "<group>"; };
		ABA71CA21C1367B000C0DCDF /* ItemService.swift */ = {isa = PBXFileReference; fileEncoding = 4; lastKnownFileType = sourcecode.swift; path = ItemService.swift; sourceTree = "<group>"; };
		ABD3B35B1C1312EC007AB34A /* EditItemViewController.swift */ = {isa = PBXFileReference; fileEncoding = 4; lastKnownFileType = sourcecode.swift; path = EditItemViewController.swift; sourceTree = "<group>"; };
		ABD3B35D1C132064007AB34A /* ListItemTableViewController.swift */ = {isa = PBXFileReference; fileEncoding = 4; lastKnownFileType = sourcecode.swift; path = ListItemTableViewController.swift; sourceTree = "<group>"; };
		ABD779591C1302100004C30A /* app-vencimetro.app */ = {isa = PBXFileReference; explicitFileType = wrapper.application; includeInIndex = 0; path = "app-vencimetro.app"; sourceTree = BUILT_PRODUCTS_DIR; };
		ABD7795C1C1302100004C30A /* AppDelegate.swift */ = {isa = PBXFileReference; lastKnownFileType = sourcecode.swift; path = AppDelegate.swift; sourceTree = "<group>"; };
		ABD779611C1302100004C30A /* Base */ = {isa = PBXFileReference; lastKnownFileType = file.storyboard; name = Base; path = Base.lproj/Main.storyboard; sourceTree = "<group>"; };
		ABD779631C1302100004C30A /* Assets.xcassets */ = {isa = PBXFileReference; lastKnownFileType = folder.assetcatalog; path = Assets.xcassets; sourceTree = "<group>"; };
		ABD779661C1302100004C30A /* Base */ = {isa = PBXFileReference; lastKnownFileType = file.storyboard; name = Base; path = Base.lproj/LaunchScreen.storyboard; sourceTree = "<group>"; };
		ABD779681C1302100004C30A /* Info.plist */ = {isa = PBXFileReference; lastKnownFileType = text.plist.xml; path = Info.plist; sourceTree = "<group>"; };
		ABF2DF7B1C43647F00AB7D75 /* ajustes.png */ = {isa = PBXFileReference; lastKnownFileType = image.png; path = ajustes.png; sourceTree = "<group>"; };
		ABF2DF7C1C43647F00AB7D75 /* buscar.png */ = {isa = PBXFileReference; lastKnownFileType = image.png; path = buscar.png; sourceTree = "<group>"; };
		ABF2DF7D1C43647F00AB7D75 /* home.png */ = {isa = PBXFileReference; lastKnownFileType = image.png; path = home.png; sourceTree = "<group>"; };
		ABF2DF7E1C43647F00AB7D75 /* perfil.png */ = {isa = PBXFileReference; lastKnownFileType = image.png; path = perfil.png; sourceTree = "<group>"; };
		ABF2DF7F1C43647F00AB7D75 /* registrar.png */ = {isa = PBXFileReference; lastKnownFileType = image.png; path = registrar.png; sourceTree = "<group>"; };
/* End PBXFileReference section */

/* Begin PBXFrameworksBuildPhase section */
		ABD779561C1302100004C30A /* Frameworks */ = {
			isa = PBXFrameworksBuildPhase;
			buildActionMask = 2147483647;
			files = (
			);
			runOnlyForDeploymentPostprocessing = 0;
		};
/* End PBXFrameworksBuildPhase section */

/* Begin PBXGroup section */
		ABA71C9C1C133AA900C0DCDF /* controllers */ = {
			isa = PBXGroup;
			children = (
				ABA71C9A1C133A6A00C0DCDF /* Alert.swift */,
				ABD7795C1C1302100004C30A /* AppDelegate.swift */,
				ABD3B35B1C1312EC007AB34A /* EditItemViewController.swift */,
			);
			name = controllers;
			sourceTree = "<group>";
		};
		ABA71C9D1C133AD500C0DCDF /* views */ = {
			isa = PBXGroup;
			children = (
				ABD779651C1302100004C30A /* LaunchScreen.storyboard */,
				ABD779601C1302100004C30A /* Main.storyboard */,
			);
			name = views;
			sourceTree = "<group>";
		};
		ABA71C9E1C133AE000C0DCDF /* models */ = {
			isa = PBXGroup;
			children = (
				ABD3B35D1C132064007AB34A /* ListItemTableViewController.swift */,
				ABA71C9F1C133B2800C0DCDF /* Item.swift */,
			);
			name = models;
			sourceTree = "<group>";
		};
		ABA71CA11C13679200C0DCDF /* services */ = {
			isa = PBXGroup;
			children = (
				ABA71CA21C1367B000C0DCDF /* ItemService.swift */,
			);
			name = services;
			sourceTree = "<group>";
		};
		ABD779501C1302100004C30A = {
			isa = PBXGroup;
			children = (
				ABD7795B1C1302100004C30A /* app-vencimetro */,
				ABD7795A1C1302100004C30A /* Products */,
			);
			sourceTree = "<group>";
		};
		ABD7795A1C1302100004C30A /* Products */ = {
			isa = PBXGroup;
			children = (
				ABD779591C1302100004C30A /* app-vencimetro.app */,
			);
			name = Products;
			sourceTree = "<group>";
		};
		ABD7795B1C1302100004C30A /* app-vencimetro */ = {
			isa = PBXGroup;
			children = (
				ABF2DF701C4363B400AB7D75 /* images */,
				ABD779681C1302100004C30A /* Info.plist */,
				ABD779631C1302100004C30A /* Assets.xcassets */,
				ABA71C9C1C133AA900C0DCDF /* controllers */,
				ABA71C9E1C133AE000C0DCDF /* models */,
				ABA71CA11C13679200C0DCDF /* services */,
				ABA71C9D1C133AD500C0DCDF /* views */,
			);
			path = "app-vencimetro";
			sourceTree = "<group>";
		};
		ABF2DF701C4363B400AB7D75 /* images */ = {
			isa = PBXGroup;
			children = (
				ABF2DF7B1C43647F00AB7D75 /* ajustes.png */,
				ABF2DF7C1C43647F00AB7D75 /* buscar.png */,
				ABF2DF7D1C43647F00AB7D75 /* home.png */,
				ABF2DF7E1C43647F00AB7D75 /* perfil.png */,
				ABF2DF7F1C43647F00AB7D75 /* registrar.png */,
			);
			name = images;
			sourceTree = "<group>";
		};
/* End PBXGroup section */

/* Begin PBXNativeTarget section */
		ABD779581C1302100004C30A /* app-vencimetro */ = {
			isa = PBXNativeTarget;
			buildConfigurationList = ABD7796B1C1302100004C30A /* Build configuration list for PBXNativeTarget "app-vencimetro" */;
			buildPhases = (
				ABD779551C1302100004C30A /* Sources */,
				ABD779561C1302100004C30A /* Frameworks */,
				ABD779571C1302100004C30A /* Resources */,
			);
			buildRules = (
			);
			dependencies = (
			);
			name = "app-vencimetro";
			productName = "app-vencimetro";
			productReference = ABD779591C1302100004C30A /* app-vencimetro.app */;
			productType = "com.apple.product-type.application";
		};
/* End PBXNativeTarget section */

/* Begin PBXProject section */
		ABD779511C1302100004C30A /* Project object */ = {
			isa = PBXProject;
			attributes = {
				LastSwiftUpdateCheck = 0710;
				LastUpgradeCheck = 0710;
				ORGANIZATIONNAME = "Roberson Fleck";
				TargetAttributes = {
					ABD779581C1302100004C30A = {
						CreatedOnToolsVersion = 7.1;
						DevelopmentTeam = 873ED8P255;
					};
				};
			};
			buildConfigurationList = ABD779541C1302100004C30A /* Build configuration list for PBXProject "app-vencimetro" */;
			compatibilityVersion = "Xcode 3.2";
			developmentRegion = English;
			hasScannedForEncodings = 0;
			knownRegions = (
				en,
				Base,
			);
			mainGroup = ABD779501C1302100004C30A;
			productRefGroup = ABD7795A1C1302100004C30A /* Products */;
			projectDirPath = "";
			projectRoot = "";
			targets = (
				ABD779581C1302100004C30A /* app-vencimetro */,
			);
		};
/* End PBXProject section */

/* Begin PBXResourcesBuildPhase section */
		ABD779571C1302100004C30A /* Resources */ = {
			isa = PBXResourcesBuildPhase;
			buildActionMask = 2147483647;
			files = (
				ABF2DF831C43647F00AB7D75 /* perfil.png in Resources */,
				ABD779671C1302100004C30A /* LaunchScreen.storyboard in Resources */,
				ABF2DF811C43647F00AB7D75 /* buscar.png in Resources */,
				ABF2DF841C43647F00AB7D75 /* registrar.png in Resources */,
				ABF2DF821C43647F00AB7D75 /* home.png in Resources */,
				ABF2DF801C43647F00AB7D75 /* ajustes.png in Resources */,
				ABD779641C1302100004C30A /* Assets.xcassets in Resources */,
				ABD779621C1302100004C30A /* Main.storyboard in Resources */,
			);
			runOnlyForDeploymentPostprocessing = 0;
		};
/* End PBXResourcesBuildPhase section */

/* Begin PBXSourcesBuildPhase section */
		ABD779551C1302100004C30A /* Sources */ = {
			isa = PBXSourcesBuildPhase;
			buildActionMask = 2147483647;
			files = (
				ABA71CA31C1367B000C0DCDF /* ItemService.swift in Sources */,
				ABA71CA01C133B2800C0DCDF /* Item.swift in Sources */,
				ABD3B35C1C1312EC007AB34A /* EditItemViewController.swift in Sources */,
				ABD3B35E1C132064007AB34A /* ListItemTableViewController.swift in Sources */,
				ABA71C9B1C133A6A00C0DCDF /* Alert.swift in Sources */,
				ABD7795D1C1302100004C30A /* AppDelegate.swift in Sources */,
			);
			runOnlyForDeploymentPostprocessing = 0;
		};
/* End PBXSourcesBuildPhase section */

/* Begin PBXVariantGroup section */
		ABD779601C1302100004C30A /* Main.storyboard */ = {
			isa = PBXVariantGroup;
			children = (
				ABD779611C1302100004C30A /* Base */,
			);
			name = Main.storyboard;
			sourceTree = "<group>";
		};
		ABD779651C1302100004C30A /* LaunchScreen.storyboard */ = {
			isa = PBXVariantGroup;
			children = (
				ABD779661C1302100004C30A /* Base */,
			);
			name = LaunchScreen.storyboard;
			sourceTree = "<group>";
		};
/* End PBXVariantGroup section */

/* Begin XCBuildConfiguration section */
		ABD779691C1302100004C30A /* Debug */ = {
			isa = XCBuildConfiguration;
			buildSettings = {
				ALWAYS_SEARCH_USER_PATHS = NO;
				CLANG_CXX_LANGUAGE_STANDARD = "gnu++0x";
				CLANG_CXX_LIBRARY = "libc++";
				CLANG_ENABLE_MODULES = YES;
				CLANG_ENABLE_OBJC_ARC = YES;
				CLANG_WARN_BOOL_CONVERSION = YES;
				CLANG_WARN_CONSTANT_CONVERSION = YES;
				CLANG_WARN_DIRECT_OBJC_ISA_USAGE = YES_ERROR;
				CLANG_WARN_EMPTY_BODY = YES;
				CLANG_WARN_ENUM_CONVERSION = YES;
				CLANG_WARN_INT_CONVERSION = YES;
				CLANG_WARN_OBJC_ROOT_CLASS = YES_ERROR;
				CLANG_WARN_UNREACHABLE_CODE = YES;
				CLANG_WARN__DUPLICATE_METHOD_MATCH = YES;
				"CODE_SIGN_IDENTITY[sdk=iphoneos*]" = "iPhone Developer";
				COPY_PHASE_STRIP = NO;
				DEBUG_INFORMATION_FORMAT = dwarf;
				ENABLE_STRICT_OBJC_MSGSEND = YES;
				ENABLE_TESTABILITY = YES;
				GCC_C_LANGUAGE_STANDARD = gnu99;
				GCC_DYNAMIC_NO_PIC = NO;
				GCC_NO_COMMON_BLOCKS = YES;
				GCC_OPTIMIZATION_LEVEL = 0;
				GCC_PREPROCESSOR_DEFINITIONS = (
					"DEBUG=1",
					"$(inherited)",
				);
				GCC_WARN_64_TO_32_BIT_CONVERSION = YES;
				GCC_WARN_ABOUT_RETURN_TYPE = YES_ERROR;
				GCC_WARN_UNDECLARED_SELECTOR = YES;
				GCC_WARN_UNINITIALIZED_AUTOS = YES_AGGRESSIVE;
				GCC_WARN_UNUSED_FUNCTION = YES;
				GCC_WARN_UNUSED_VARIABLE = YES;
				IPHONEOS_DEPLOYMENT_TARGET = 9.1;
				MTL_ENABLE_DEBUG_INFO = YES;
				ONLY_ACTIVE_ARCH = YES;
				SDKROOT = iphoneos;
				SWIFT_OPTIMIZATION_LEVEL = "-Onone";
			};
			name = Debug;
		};
		ABD7796A1C1302100004C30A /* Release */ = {
			isa = XCBuildConfiguration;
			buildSettings = {
				ALWAYS_SEARCH_USER_PATHS = NO;
				CLANG_CXX_LANGUAGE_STANDARD = "gnu++0x";
				CLANG_CXX_LIBRARY = "libc++";
				CLANG_ENABLE_MODULES = YES;
				CLANG_ENABLE_OBJC_ARC = YES;
				CLANG_WARN_BOOL_CONVERSION = YES;
				CLANG_WARN_CONSTANT_CONVERSION = YES;
				CLANG_WARN_DIRECT_OBJC_ISA_USAGE = YES_ERROR;
				CLANG_WARN_EMPTY_BODY = YES;
				CLANG_WARN_ENUM_CONVERSION = YES;
				CLANG_WARN_INT_CONVERSION = YES;
				CLANG_WARN_OBJC_ROOT_CLASS = YES_ERROR;
				CLANG_WARN_UNREACHABLE_CODE = YES;
				CLANG_WARN__DUPLICATE_METHOD_MATCH = YES;
				"CODE_SIGN_IDENTITY[sdk=iphoneos*]" = "iPhone Developer";
				COPY_PHASE_STRIP = NO;
				DEBUG_INFORMATION_FORMAT = "dwarf-with-dsym";
				ENABLE_NS_ASSERTIONS = NO;
				ENABLE_STRICT_OBJC_MSGSEND = YES;
				GCC_C_LANGUAGE_STANDARD = gnu99;
				GCC_NO_COMMON_BLOCKS = YES;
				GCC_WARN_64_TO_32_BIT_CONVERSION = YES;
				GCC_WARN_ABOUT_RETURN_TYPE = YES_ERROR;
				GCC_WARN_UNDECLARED_SELECTOR = YES;
				GCC_WARN_UNINITIALIZED_AUTOS = YES_AGGRESSIVE;
				GCC_WARN_UNUSED_FUNCTION = YES;
				GCC_WARN_UNUSED_VARIABLE = YES;
				IPHONEOS_DEPLOYMENT_TARGET = 9.1;
				MTL_ENABLE_DEBUG_INFO = NO;
				SDKROOT = iphoneos;
				VALIDATE_PRODUCT = YES;
			};
			name = Release;
		};
		ABD7796C1C1302100004C30A /* Debug */ = {
			isa = XCBuildConfiguration;
			buildSettings = {
				ASSETCATALOG_COMPILER_APPICON_NAME = AppIcon;
				INFOPLIST_FILE = "app-vencimetro/Info.plist";
				LD_RUNPATH_SEARCH_PATHS = "$(inherited) @executable_path/Frameworks";
				PRODUCT_BUNDLE_IDENTIFIER = "com.fleck.app-vencimetro";
				PRODUCT_NAME = "$(TARGET_NAME)";
			};
			name = Debug;
		};
		ABD7796D1C1302100004C30A /* Release */ = {
			isa = XCBuildConfiguration;
			buildSettings = {
				ASSETCATALOG_COMPILER_APPICON_NAME = AppIcon;
				INFOPLIST_FILE = "app-vencimetro/Info.plist";
				LD_RUNPATH_SEARCH_PATHS = "$(inherited) @executable_path/Frameworks";
				PRODUCT_BUNDLE_IDENTIFIER = "com.fleck.app-vencimetro";
				PRODUCT_NAME = "$(TARGET_NAME)";
			};
			name = Release;
		};
/* End XCBuildConfiguration section */

/* Begin XCConfigurationList section */
		ABD779541C1302100004C30A /* Build configuration list for PBXProject "app-vencimetro" */ = {
			isa = XCConfigurationList;
			buildConfigurations = (
				ABD779691C1302100004C30A /* Debug */,
				ABD7796A1C1302100004C30A /* Release */,
			);
			defaultConfigurationIsVisible = 0;
			defaultConfigurationName = Release;
		};
		ABD7796B1C1302100004C30A /* Build configuration list for PBXNativeTarget "app-vencimetro" */ = {
			isa = XCConfigurationList;
			buildConfigurations = (
				ABD7796C1C1302100004C30A /* Debug */,
				ABD7796D1C1302100004C30A /* Release */,
			);
			defaultConfigurationIsVisible = 0;
			defaultConfigurationName = Release;
		};
/* End XCConfigurationList section */
	};
	rootObject = ABD779511C1302100004C30A /* Project object */;
}
